
Microsoft Visual Studio Solution File, Format Version 12.00
# Visual Studio 2012
Project("{FAE04EC0-301F-11D3-BF4B-00C04F79EFBC}") = "NexusCommon", "NexusCommon\NexusCommon.csproj", "{FF4494E8-DAE2-49D0-83DD-080EAA39976A}"
EndProject
Project("{FAE04EC0-301F-11D3-BF4B-00C04F79EFBC}") = "NexusComponents", "NexusComponents\NexusComponents.csproj", "{FC0523EF-29DC-4B49-9B48-37C3C30AC80A}"
EndProject
Project("{FAE04EC0-301F-11D3-BF4B-00C04F79EFBC}") = "Nexus", "Nexus\Nexus.csproj", "{3ACB424D-36D3-49B6-9016-80A6ADA65D33}"
EndProject
Project("{FAE04EC0-301F-11D3-BF4B-00C04F79EFBC}") = "NexusTest", "NexusTest\NexusTest.csproj", "{149A7C28-C287-4087-B024-E079A3A22026}"
	ProjectSection(ProjectDependencies) = postProject
		{57ECD824-0EB1-4DF9-B5A5-0FCF14A9DDED} = {57ECD824-0EB1-4DF9-B5A5-0FCF14A9DDED}
		{FF0E3249-9966-4E84-A80A-843824A19E5A} = {FF0E3249-9966-4E84-A80A-843824A19E5A}
		{6A0DDD59-C9FC-4515-9CE5-B9373E3BDC8F} = {6A0DDD59-C9FC-4515-9CE5-B9373E3BDC8F}
		{3B81AA85-7DA5-42C9-8ED2-616E16F7124C} = {3B81AA85-7DA5-42C9-8ED2-616E16F7124C}
		{2DC72D89-1B35-48B9-A81B-C1A6F554FAEA} = {2DC72D89-1B35-48B9-A81B-C1A6F554FAEA}
		{2ABFF78B-A611-46D4-A1BC-C9A2DF4ABCD7} = {2ABFF78B-A611-46D4-A1BC-C9A2DF4ABCD7}
		{20F55D8C-7968-4653-9CC2-EC71C9DD9F3B} = {20F55D8C-7968-4653-9CC2-EC71C9DD9F3B}
		{78ECA492-9CA5-45CE-B149-D2A0F8733EC8} = {78ECA492-9CA5-45CE-B149-D2A0F8733EC8}
		{7C58A2AB-E115-46C0-B2F7-562BE72E6E88} = {7C58A2AB-E115-46C0-B2F7-562BE72E6E88}
		{2052AABD-759A-42D3-A227-C2F76934AC78} = {2052AABD-759A-42D3-A227-C2F76934AC78}
		{84E77FC2-8DAE-4ECB-BF2D-2A9BC3E4F4BE} = {84E77FC2-8DAE-4ECB-BF2D-2A9BC3E4F4BE}
		{843674DC-5498-4E95-9B0E-312D080A0195} = {843674DC-5498-4E95-9B0E-312D080A0195}
		{99DBADE6-D844-44A9-8FF2-D753368357DB} = {99DBADE6-D844-44A9-8FF2-D753368357DB}
		{FC0523EF-29DC-4B49-9B48-37C3C30AC80A} = {FC0523EF-29DC-4B49-9B48-37C3C30AC80A}
	EndProjectSection
EndProject
Project("{FAE04EC0-301F-11D3-BF4B-00C04F79EFBC}") = "NexusComponents2", "NexusComponents2\NexusComponents2.csproj", "{57ECD824-0EB1-4DF9-B5A5-0FCF14A9DDED}"
EndProject
Project("{FAE04EC0-301F-11D3-BF4B-00C04F79EFBC}") = "IRC", "IRC\IRC.csproj", "{843674DC-5498-4E95-9B0E-312D080A0195}"
EndProject
Project("{FAE04EC0-301F-11D3-BF4B-00C04F79EFBC}") = "IRCMessageTranslator", "IRCMessageTranslator\IRCMessageTranslator.csproj", "{84E77FC2-8DAE-4ECB-BF2D-2A9BC3E4F4BE}"
EndProject
Project("{FAE04EC0-301F-11D3-BF4B-00C04F79EFBC}") = "UIWPF", "UIWPF\UIWPF.csproj", "{2DC72D89-1B35-48B9-A81B-C1A6F554FAEA}"
EndProject
Project("{FAE04EC0-301F-11D3-BF4B-00C04F79EFBC}") = "ChannelTracker", "ChannelTracker\ChannelTracker.csproj", "{7C58A2AB-E115-46C0-B2F7-562BE72E6E88}"
EndProject
Project("{FAE04EC0-301F-11D3-BF4B-00C04F79EFBC}") = "Marco", "Marco\Marco.csproj", "{99DBADE6-D844-44A9-8FF2-D753368357DB}"
EndProject
Project("{FAE04EC0-301F-11D3-BF4B-00C04F79EFBC}") = "Bing", "Bing\Bing.csproj", "{3B81AA85-7DA5-42C9-8ED2-616E16F7124C}"
EndProject
Project("{FAE04EC0-301F-11D3-BF4B-00C04F79EFBC}") = "Ident", "Ident\Ident.csproj", "{6A0DDD59-C9FC-4515-9CE5-B9373E3BDC8F}"
EndProject
Project("{FAE04EC0-301F-11D3-BF4B-00C04F79EFBC}") = "Countdown", "Countdown\Countdown.csproj", "{FF0E3249-9966-4E84-A80A-843824A19E5A}"
EndProject
Project("{FAE04EC0-301F-11D3-BF4B-00C04F79EFBC}") = "LinkIt", "LinkIt\LinkIt.csproj", "{2052AABD-759A-42D3-A227-C2F76934AC78}"
EndProject
Project("{FAE04EC0-301F-11D3-BF4B-00C04F79EFBC}") = "CanIUse", "CanIUse\CanIUse.csproj", "{AFE87047-0BA9-4DC9-B3F5-89DF8D2472B5}"
EndProject
Project("{FAE04EC0-301F-11D3-BF4B-00C04F79EFBC}") = "CSharpExec", "CSharpExec\CSharpExec.csproj", "{20F55D8C-7968-4653-9CC2-EC71C9DD9F3B}"
EndProject
Project("{FAE04EC0-301F-11D3-BF4B-00C04F79EFBC}") = "ConsoleTest", "..\ConsoleTest\ConsoleTest.csproj", "{D4074528-A003-401A-A6FA-B167AE3B8DC6}"
EndProject
Project("{FAE04EC0-301F-11D3-BF4B-00C04F79EFBC}") = "Roll", "Roll\Roll.csproj", "{2ABFF78B-A611-46D4-A1BC-C9A2DF4ABCD7}"
EndProject
Project("{FAE04EC0-301F-11D3-BF4B-00C04F79EFBC}") = "Seen", "Seen\Seen.csproj", "{78ECA492-9CA5-45CE-B149-D2A0F8733EC8}"
EndProject
Global
	GlobalSection(SolutionConfigurationPlatforms) = preSolution
		Debug|Any CPU = Debug|Any CPU
		Debug|Mixed Platforms = Debug|Mixed Platforms
		Debug|x86 = Debug|x86
		Release|Any CPU = Release|Any CPU
		Release|Mixed Platforms = Release|Mixed Platforms
		Release|x86 = Release|x86
	EndGlobalSection
	GlobalSection(ProjectConfigurationPlatforms) = postSolution
		{FF4494E8-DAE2-49D0-83DD-080EAA39976A}.Debug|Any CPU.ActiveCfg = Debug|Any CPU
		{FF4494E8-DAE2-49D0-83DD-080EAA39976A}.Debug|Any CPU.Build.0 = Debug|Any CPU
		{FF4494E8-DAE2-49D0-83DD-080EAA39976A}.Debug|Mixed Platforms.ActiveCfg = Debug|Any CPU
		{FF4494E8-DAE2-49D0-83DD-080EAA39976A}.Debug|Mixed Platforms.Build.0 = Debug|Any CPU
		{FF4494E8-DAE2-49D0-83DD-080EAA39976A}.Debug|x86.ActiveCfg = Debug|Any CPU
		{FF4494E8-DAE2-49D0-83DD-080EAA39976A}.Release|Any CPU.ActiveCfg = Release|Any CPU
		{FF4494E8-DAE2-49D0-83DD-080EAA39976A}.Release|Any CPU.Build.0 = Release|Any CPU
		{FF4494E8-DAE2-49D0-83DD-080EAA39976A}.Release|Mixed Platforms.ActiveCfg = Release|Any CPU
		{FF4494E8-DAE2-49D0-83DD-080EAA39976A}.Release|Mixed Platforms.Build.0 = Release|Any CPU
		{FF4494E8-DAE2-49D0-83DD-080EAA39976A}.Release|x86.ActiveCfg = Release|Any CPU
		{FC0523EF-29DC-4B49-9B48-37C3C30AC80A}.Debug|Any CPU.ActiveCfg = Debug|Any CPU
		{FC0523EF-29DC-4B49-9B48-37C3C30AC80A}.Debug|Any CPU.Build.0 = Debug|Any CPU
		{FC0523EF-29DC-4B49-9B48-37C3C30AC80A}.Debug|Mixed Platforms.ActiveCfg = Debug|Any CPU
		{FC0523EF-29DC-4B49-9B48-37C3C30AC80A}.Debug|Mixed Platforms.Build.0 = Debug|Any CPU
		{FC0523EF-29DC-4B49-9B48-37C3C30AC80A}.Debug|x86.ActiveCfg = Debug|Any CPU
		{FC0523EF-29DC-4B49-9B48-37C3C30AC80A}.Release|Any CPU.ActiveCfg = Release|Any CPU
		{FC0523EF-29DC-4B49-9B48-37C3C30AC80A}.Release|Any CPU.Build.0 = Release|Any CPU
		{FC0523EF-29DC-4B49-9B48-37C3C30AC80A}.Release|Mixed Platforms.ActiveCfg = Release|Any CPU
		{FC0523EF-29DC-4B49-9B48-37C3C30AC80A}.Release|Mixed Platforms.Build.0 = Release|Any CPU
		{FC0523EF-29DC-4B49-9B48-37C3C30AC80A}.Release|x86.ActiveCfg = Release|Any CPU
		{3ACB424D-36D3-49B6-9016-80A6ADA65D33}.Debug|Any CPU.ActiveCfg = Debug|Any CPU
		{3ACB424D-36D3-49B6-9016-80A6ADA65D33}.Debug|Any CPU.Build.0 = Debug|Any CPU
		{3ACB424D-36D3-49B6-9016-80A6ADA65D33}.Debug|Mixed Platforms.ActiveCfg = Debug|Any CPU
		{3ACB424D-36D3-49B6-9016-80A6ADA65D33}.Debug|Mixed Platforms.Build.0 = Debug|Any CPU
		{3ACB424D-36D3-49B6-9016-80A6ADA65D33}.Debug|x86.ActiveCfg = Debug|Any CPU
		{3ACB424D-36D3-49B6-9016-80A6ADA65D33}.Release|Any CPU.ActiveCfg = Release|Any CPU
		{3ACB424D-36D3-49B6-9016-80A6ADA65D33}.Release|Any CPU.Build.0 = Release|Any CPU
		{3ACB424D-36D3-49B6-9016-80A6ADA65D33}.Release|Mixed Platforms.ActiveCfg = Release|Any CPU
		{3ACB424D-36D3-49B6-9016-80A6ADA65D33}.Release|Mixed Platforms.Build.0 = Release|Any CPU
		{3ACB424D-36D3-49B6-9016-80A6ADA65D33}.Release|x86.ActiveCfg = Release|Any CPU
		{149A7C28-C287-4087-B024-E079A3A22026}.Debug|Any CPU.ActiveCfg = Debug|x86
		{149A7C28-C287-4087-B024-E079A3A22026}.Debug|Mixed Platforms.ActiveCfg = Debug|x86
		{149A7C28-C287-4087-B024-E079A3A22026}.Debug|Mixed Platforms.Build.0 = Debug|x86
		{149A7C28-C287-4087-B024-E079A3A22026}.Debug|x86.ActiveCfg = Debug|x86
		{149A7C28-C287-4087-B024-E079A3A22026}.Debug|x86.Build.0 = Debug|x86
		{149A7C28-C287-4087-B024-E079A3A22026}.Release|Any CPU.ActiveCfg = Release|x86
		{149A7C28-C287-4087-B024-E079A3A22026}.Release|Mixed Platforms.ActiveCfg = Release|x86
		{149A7C28-C287-4087-B024-E079A3A22026}.Release|Mixed Platforms.Build.0 = Release|x86
		{149A7C28-C287-4087-B024-E079A3A22026}.Release|x86.ActiveCfg = Release|x86
		{149A7C28-C287-4087-B024-E079A3A22026}.Release|x86.Build.0 = Release|x86
		{57ECD824-0EB1-4DF9-B5A5-0FCF14A9DDED}.Debug|Any CPU.ActiveCfg = Debug|Any CPU
		{57ECD824-0EB1-4DF9-B5A5-0FCF14A9DDED}.Debug|Any CPU.Build.0 = Debug|Any CPU
		{57ECD824-0EB1-4DF9-B5A5-0FCF14A9DDED}.Debug|Mixed Platforms.ActiveCfg = Debug|Any CPU
		{57ECD824-0EB1-4DF9-B5A5-0FCF14A9DDED}.Debug|Mixed Platforms.Build.0 = Debug|Any CPU
		{57ECD824-0EB1-4DF9-B5A5-0FCF14A9DDED}.Debug|x86.ActiveCfg = Debug|Any CPU
		{57ECD824-0EB1-4DF9-B5A5-0FCF14A9DDED}.Release|Any CPU.ActiveCfg = Release|Any CPU
		{57ECD824-0EB1-4DF9-B5A5-0FCF14A9DDED}.Release|Any CPU.Build.0 = Release|Any CPU
		{57ECD824-0EB1-4DF9-B5A5-0FCF14A9DDED}.Release|Mixed Platforms.ActiveCfg = Release|Any CPU
		{57ECD824-0EB1-4DF9-B5A5-0FCF14A9DDED}.Release|Mixed Platforms.Build.0 = Release|Any CPU
		{57ECD824-0EB1-4DF9-B5A5-0FCF14A9DDED}.Release|x86.ActiveCfg = Release|Any CPU
		{843674DC-5498-4E95-9B0E-312D080A0195}.Debug|Any CPU.ActiveCfg = Debug|Any CPU
		{843674DC-5498-4E95-9B0E-312D080A0195}.Debug|Any CPU.Build.0 = Debug|Any CPU
		{843674DC-5498-4E95-9B0E-312D080A0195}.Debug|Mixed Platforms.ActiveCfg = Debug|Any CPU
		{843674DC-5498-4E95-9B0E-312D080A0195}.Debug|Mixed Platforms.Build.0 = Debug|Any CPU
		{843674DC-5498-4E95-9B0E-312D080A0195}.Debug|x86.ActiveCfg = Debug|Any CPU
		{843674DC-5498-4E95-9B0E-312D080A0195}.Release|Any CPU.ActiveCfg = Release|Any CPU
		{843674DC-5498-4E95-9B0E-312D080A0195}.Release|Any CPU.Build.0 = Release|Any CPU
		{843674DC-5498-4E95-9B0E-312D080A0195}.Release|Mixed Platforms.ActiveCfg = Release|Any CPU
		{843674DC-5498-4E95-9B0E-312D080A0195}.Release|Mixed Platforms.Build.0 = Release|Any CPU
		{843674DC-5498-4E95-9B0E-312D080A0195}.Release|x86.ActiveCfg = Release|Any CPU
		{84E77FC2-8DAE-4ECB-BF2D-2A9BC3E4F4BE}.Debug|Any CPU.ActiveCfg = Debug|Any CPU
		{84E77FC2-8DAE-4ECB-BF2D-2A9BC3E4F4BE}.Debug|Any CPU.Build.0 = Debug|Any CPU
		{84E77FC2-8DAE-4ECB-BF2D-2A9BC3E4F4BE}.Debug|Mixed Platforms.ActiveCfg = Debug|Any CPU
		{84E77FC2-8DAE-4ECB-BF2D-2A9BC3E4F4BE}.Debug|Mixed Platforms.Build.0 = Debug|Any CPU
		{84E77FC2-8DAE-4ECB-BF2D-2A9BC3E4F4BE}.Debug|x86.ActiveCfg = Debug|Any CPU
		{84E77FC2-8DAE-4ECB-BF2D-2A9BC3E4F4BE}.Release|Any CPU.ActiveCfg = Release|Any CPU
		{84E77FC2-8DAE-4ECB-BF2D-2A9BC3E4F4BE}.Release|Any CPU.Build.0 = Release|Any CPU
		{84E77FC2-8DAE-4ECB-BF2D-2A9BC3E4F4BE}.Release|Mixed Platforms.ActiveCfg = Release|Any CPU
		{84E77FC2-8DAE-4ECB-BF2D-2A9BC3E4F4BE}.Release|Mixed Platforms.Build.0 = Release|Any CPU
		{84E77FC2-8DAE-4ECB-BF2D-2A9BC3E4F4BE}.Release|x86.ActiveCfg = Release|Any CPU
		{2DC72D89-1B35-48B9-A81B-C1A6F554FAEA}.Debug|Any CPU.ActiveCfg = Debug|Any CPU
		{2DC72D89-1B35-48B9-A81B-C1A6F554FAEA}.Debug|Any CPU.Build.0 = Debug|Any CPU
		{2DC72D89-1B35-48B9-A81B-C1A6F554FAEA}.Debug|Mixed Platforms.ActiveCfg = Debug|Any CPU
		{2DC72D89-1B35-48B9-A81B-C1A6F554FAEA}.Debug|Mixed Platforms.Build.0 = Debug|Any CPU
		{2DC72D89-1B35-48B9-A81B-C1A6F554FAEA}.Debug|x86.ActiveCfg = Debug|Any CPU
		{2DC72D89-1B35-48B9-A81B-C1A6F554FAEA}.Release|Any CPU.ActiveCfg = Release|Any CPU
		{2DC72D89-1B35-48B9-A81B-C1A6F554FAEA}.Release|Any CPU.Build.0 = Release|Any CPU
		{2DC72D89-1B35-48B9-A81B-C1A6F554FAEA}.Release|Mixed Platforms.ActiveCfg = Release|Any CPU
		{2DC72D89-1B35-48B9-A81B-C1A6F554FAEA}.Release|Mixed Platforms.Build.0 = Release|Any CPU
		{2DC72D89-1B35-48B9-A81B-C1A6F554FAEA}.Release|x86.ActiveCfg = Release|Any CPU
		{7C58A2AB-E115-46C0-B2F7-562BE72E6E88}.Debug|Any CPU.ActiveCfg = Debug|Any CPU
		{7C58A2AB-E115-46C0-B2F7-562BE72E6E88}.Debug|Any CPU.Build.0 = Debug|Any CPU
		{7C58A2AB-E115-46C0-B2F7-562BE72E6E88}.Debug|Mixed Platforms.ActiveCfg = Debug|Any CPU
		{7C58A2AB-E115-46C0-B2F7-562BE72E6E88}.Debug|Mixed Platforms.Build.0 = Debug|Any CPU
		{7C58A2AB-E115-46C0-B2F7-562BE72E6E88}.Debug|x86.ActiveCfg = Debug|Any CPU
		{7C58A2AB-E115-46C0-B2F7-562BE72E6E88}.Release|Any CPU.ActiveCfg = Release|Any CPU
		{7C58A2AB-E115-46C0-B2F7-562BE72E6E88}.Release|Any CPU.Build.0 = Release|Any CPU
		{7C58A2AB-E115-46C0-B2F7-562BE72E6E88}.Release|Mixed Platforms.ActiveCfg = Release|Any CPU
		{7C58A2AB-E115-46C0-B2F7-562BE72E6E88}.Release|Mixed Platforms.Build.0 = Release|Any CPU
		{7C58A2AB-E115-46C0-B2F7-562BE72E6E88}.Release|x86.ActiveCfg = Release|Any CPU
		{99DBADE6-D844-44A9-8FF2-D753368357DB}.Debug|Any CPU.ActiveCfg = Debug|Any CPU
		{99DBADE6-D844-44A9-8FF2-D753368357DB}.Debug|Any CPU.Build.0 = Debug|Any CPU
		{99DBADE6-D844-44A9-8FF2-D753368357DB}.Debug|Mixed Platforms.ActiveCfg = Debug|Any CPU
		{99DBADE6-D844-44A9-8FF2-D753368357DB}.Debug|Mixed Platforms.Build.0 = Debug|Any CPU
		{99DBADE6-D844-44A9-8FF2-D753368357DB}.Debug|x86.ActiveCfg = Debug|Any CPU
		{99DBADE6-D844-44A9-8FF2-D753368357DB}.Release|Any CPU.ActiveCfg = Release|Any CPU
		{99DBADE6-D844-44A9-8FF2-D753368357DB}.Release|Any CPU.Build.0 = Release|Any CPU
		{99DBADE6-D844-44A9-8FF2-D753368357DB}.Release|Mixed Platforms.ActiveCfg = Release|Any CPU
		{99DBADE6-D844-44A9-8FF2-D753368357DB}.Release|Mixed Platforms.Build.0 = Release|Any CPU
		{99DBADE6-D844-44A9-8FF2-D753368357DB}.Release|x86.ActiveCfg = Release|Any CPU
		{3B81AA85-7DA5-42C9-8ED2-616E16F7124C}.Debug|Any CPU.ActiveCfg = Debug|Any CPU
		{3B81AA85-7DA5-42C9-8ED2-616E16F7124C}.Debug|Any CPU.Build.0 = Debug|Any CPU
		{3B81AA85-7DA5-42C9-8ED2-616E16F7124C}.Debug|Mixed Platforms.ActiveCfg = Debug|Any CPU
		{3B81AA85-7DA5-42C9-8ED2-616E16F7124C}.Debug|Mixed Platforms.Build.0 = Debug|Any CPU
		{3B81AA85-7DA5-42C9-8ED2-616E16F7124C}.Debug|x86.ActiveCfg = Debug|Any CPU
		{3B81AA85-7DA5-42C9-8ED2-616E16F7124C}.Release|Any CPU.ActiveCfg = Release|Any CPU
		{3B81AA85-7DA5-42C9-8ED2-616E16F7124C}.Release|Any CPU.Build.0 = Release|Any CPU
		{3B81AA85-7DA5-42C9-8ED2-616E16F7124C}.Release|Mixed Platforms.ActiveCfg = Release|Any CPU
		{3B81AA85-7DA5-42C9-8ED2-616E16F7124C}.Release|Mixed Platforms.Build.0 = Release|Any CPU
		{3B81AA85-7DA5-42C9-8ED2-616E16F7124C}.Release|x86.ActiveCfg = Release|Any CPU
		{6A0DDD59-C9FC-4515-9CE5-B9373E3BDC8F}.Debug|Any CPU.ActiveCfg = Debug|Any CPU
		{6A0DDD59-C9FC-4515-9CE5-B9373E3BDC8F}.Debug|Any CPU.Build.0 = Debug|Any CPU
		{6A0DDD59-C9FC-4515-9CE5-B9373E3BDC8F}.Debug|Mixed Platforms.ActiveCfg = Debug|Any CPU
		{6A0DDD59-C9FC-4515-9CE5-B9373E3BDC8F}.Debug|Mixed Platforms.Build.0 = Debug|Any CPU
		{6A0DDD59-C9FC-4515-9CE5-B9373E3BDC8F}.Debug|x86.ActiveCfg = Debug|Any CPU
		{6A0DDD59-C9FC-4515-9CE5-B9373E3BDC8F}.Release|Any CPU.ActiveCfg = Release|Any CPU
		{6A0DDD59-C9FC-4515-9CE5-B9373E3BDC8F}.Release|Any CPU.Build.0 = Release|Any CPU
		{6A0DDD59-C9FC-4515-9CE5-B9373E3BDC8F}.Release|Mixed Platforms.ActiveCfg = Release|Any CPU
		{6A0DDD59-C9FC-4515-9CE5-B9373E3BDC8F}.Release|Mixed Platforms.Build.0 = Release|Any CPU
		{6A0DDD59-C9FC-4515-9CE5-B9373E3BDC8F}.Release|x86.ActiveCfg = Release|Any CPU
		{FF0E3249-9966-4E84-A80A-843824A19E5A}.Debug|Any CPU.ActiveCfg = Debug|Any CPU
		{FF0E3249-9966-4E84-A80A-843824A19E5A}.Debug|Any CPU.Build.0 = Debug|Any CPU
		{FF0E3249-9966-4E84-A80A-843824A19E5A}.Debug|Mixed Platforms.ActiveCfg = Debug|Any CPU
		{FF0E3249-9966-4E84-A80A-843824A19E5A}.Debug|Mixed Platforms.Build.0 = Debug|Any CPU
		{FF0E3249-9966-4E84-A80A-843824A19E5A}.Debug|x86.ActiveCfg = Debug|Any CPU
		{FF0E3249-9966-4E84-A80A-843824A19E5A}.Release|Any CPU.ActiveCfg = Release|Any CPU
		{FF0E3249-9966-4E84-A80A-843824A19E5A}.Release|Any CPU.Build.0 = Release|Any CPU
		{FF0E3249-9966-4E84-A80A-843824A19E5A}.Release|Mixed Platforms.ActiveCfg = Release|Any CPU
		{FF0E3249-9966-4E84-A80A-843824A19E5A}.Release|Mixed Platforms.Build.0 = Release|Any CPU
		{FF0E3249-9966-4E84-A80A-843824A19E5A}.Release|x86.ActiveCfg = Release|Any CPU
		{2052AABD-759A-42D3-A227-C2F76934AC78}.Debug|Any CPU.ActiveCfg = Debug|Any CPU
		{2052AABD-759A-42D3-A227-C2F76934AC78}.Debug|Any CPU.Build.0 = Debug|Any CPU
		{2052AABD-759A-42D3-A227-C2F76934AC78}.Debug|Mixed Platforms.ActiveCfg = Debug|Any CPU
		{2052AABD-759A-42D3-A227-C2F76934AC78}.Debug|Mixed Platforms.Build.0 = Debug|Any CPU
		{2052AABD-759A-42D3-A227-C2F76934AC78}.Debug|x86.ActiveCfg = Debug|Any CPU
		{2052AABD-759A-42D3-A227-C2F76934AC78}.Release|Any CPU.ActiveCfg = Release|Any CPU
		{2052AABD-759A-42D3-A227-C2F76934AC78}.Release|Any CPU.Build.0 = Release|Any CPU
		{2052AABD-759A-42D3-A227-C2F76934AC78}.Release|Mixed Platforms.ActiveCfg = Release|Any CPU
		{2052AABD-759A-42D3-A227-C2F76934AC78}.Release|Mixed Platforms.Build.0 = Release|Any CPU
		{2052AABD-759A-42D3-A227-C2F76934AC78}.Release|x86.ActiveCfg = Release|Any CPU
		{AFE87047-0BA9-4DC9-B3F5-89DF8D2472B5}.Debug|Any CPU.ActiveCfg = Debug|Any CPU
		{AFE87047-0BA9-4DC9-B3F5-89DF8D2472B5}.Debug|Any CPU.Build.0 = Debug|Any CPU
		{AFE87047-0BA9-4DC9-B3F5-89DF8D2472B5}.Debug|Mixed Platforms.ActiveCfg = Debug|Any CPU
		{AFE87047-0BA9-4DC9-B3F5-89DF8D2472B5}.Debug|Mixed Platforms.Build.0 = Debug|Any CPU
		{AFE87047-0BA9-4DC9-B3F5-89DF8D2472B5}.Debug|x86.ActiveCfg = Debug|Any CPU
		{AFE87047-0BA9-4DC9-B3F5-89DF8D2472B5}.Release|Any CPU.ActiveCfg = Release|Any CPU
		{AFE87047-0BA9-4DC9-B3F5-89DF8D2472B5}.Release|Any CPU.Build.0 = Release|Any CPU
		{AFE87047-0BA9-4DC9-B3F5-89DF8D2472B5}.Release|Mixed Platforms.ActiveCfg = Release|Any CPU
		{AFE87047-0BA9-4DC9-B3F5-89DF8D2472B5}.Release|Mixed Platforms.Build.0 = Release|Any CPU
		{AFE87047-0BA9-4DC9-B3F5-89DF8D2472B5}.Release|x86.ActiveCfg = Release|Any CPU
		{20F55D8C-7968-4653-9CC2-EC71C9DD9F3B}.Debug|Any CPU.ActiveCfg = Debug|Any CPU
		{20F55D8C-7968-4653-9CC2-EC71C9DD9F3B}.Debug|Any CPU.Build.0 = Debug|Any CPU
		{20F55D8C-7968-4653-9CC2-EC71C9DD9F3B}.Debug|Mixed Platforms.ActiveCfg = Debug|Any CPU
		{20F55D8C-7968-4653-9CC2-EC71C9DD9F3B}.Debug|Mixed Platforms.Build.0 = Debug|Any CPU
		{20F55D8C-7968-4653-9CC2-EC71C9DD9F3B}.Debug|x86.ActiveCfg = Debug|Any CPU
		{20F55D8C-7968-4653-9CC2-EC71C9DD9F3B}.Release|Any CPU.ActiveCfg = Release|Any CPU
		{20F55D8C-7968-4653-9CC2-EC71C9DD9F3B}.Release|Any CPU.Build.0 = Release|Any CPU
		{20F55D8C-7968-4653-9CC2-EC71C9DD9F3B}.Release|Mixed Platforms.ActiveCfg = Release|Any CPU
		{20F55D8C-7968-4653-9CC2-EC71C9DD9F3B}.Release|Mixed Platforms.Build.0 = Release|Any CPU
		{20F55D8C-7968-4653-9CC2-EC71C9DD9F3B}.Release|x86.ActiveCfg = Release|Any CPU
		{D4074528-A003-401A-A6FA-B167AE3B8DC6}.Debug|Any CPU.ActiveCfg = Debug|x86
		{D4074528-A003-401A-A6FA-B167AE3B8DC6}.Debug|Mixed Platforms.ActiveCfg = Debug|x86
		{D4074528-A003-401A-A6FA-B167AE3B8DC6}.Debug|Mixed Platforms.Build.0 = Debug|x86
		{D4074528-A003-401A-A6FA-B167AE3B8DC6}.Debug|x86.ActiveCfg = Debug|x86
		{D4074528-A003-401A-A6FA-B167AE3B8DC6}.Debug|x86.Build.0 = Debug|x86
		{D4074528-A003-401A-A6FA-B167AE3B8DC6}.Release|Any CPU.ActiveCfg = Release|x86
		{D4074528-A003-401A-A6FA-B167AE3B8DC6}.Release|Mixed Platforms.ActiveCfg = Release|x86
		{D4074528-A003-401A-A6FA-B167AE3B8DC6}.Release|Mixed Platforms.Build.0 = Release|x86
		{D4074528-A003-401A-A6FA-B167AE3B8DC6}.Release|x86.ActiveCfg = Release|x86
		{D4074528-A003-401A-A6FA-B167AE3B8DC6}.Release|x86.Build.0 = Release|x86
		{2ABFF78B-A611-46D4-A1BC-C9A2DF4ABCD7}.Debug|Any CPU.ActiveCfg = Debug|Any CPU
		{2ABFF78B-A611-46D4-A1BC-C9A2DF4ABCD7}.Debug|Any CPU.Build.0 = Debug|Any CPU
		{2ABFF78B-A611-46D4-A1BC-C9A2DF4ABCD7}.Debug|Mixed Platforms.ActiveCfg = Debug|Any CPU
		{2ABFF78B-A611-46D4-A1BC-C9A2DF4ABCD7}.Debug|Mixed Platforms.Build.0 = Debug|Any CPU
		{2ABFF78B-A611-46D4-A1BC-C9A2DF4ABCD7}.Debug|x86.ActiveCfg = Debug|Any CPU
		{2ABFF78B-A611-46D4-A1BC-C9A2DF4ABCD7}.Release|Any CPU.ActiveCfg = Release|Any CPU
		{2ABFF78B-A611-46D4-A1BC-C9A2DF4ABCD7}.Release|Any CPU.Build.0 = Release|Any CPU
		{2ABFF78B-A611-46D4-A1BC-C9A2DF4ABCD7}.Release|Mixed Platforms.ActiveCfg = Release|Any CPU
		{2ABFF78B-A611-46D4-A1BC-C9A2DF4ABCD7}.Release|Mixed Platforms.Build.0 = Release|Any CPU
		{2ABFF78B-A611-46D4-A1BC-C9A2DF4ABCD7}.Release|x86.ActiveCfg = Release|Any CPU
		{78ECA492-9CA5-45CE-B149-D2A0F8733EC8}.Debug|Any CPU.ActiveCfg = Debug|Any CPU
		{78ECA492-9CA5-45CE-B149-D2A0F8733EC8}.Debug|Any CPU.Build.0 = Debug|Any CPU
		{78ECA492-9CA5-45CE-B149-D2A0F8733EC8}.Debug|Mixed Platforms.ActiveCfg = Debug|Any CPU
		{78ECA492-9CA5-45CE-B149-D2A0F8733EC8}.Debug|Mixed Platforms.Build.0 = Debug|Any CPU
		{78ECA492-9CA5-45CE-B149-D2A0F8733EC8}.Debug|x86.ActiveCfg = Debug|Any CPU
		{78ECA492-9CA5-45CE-B149-D2A0F8733EC8}.Release|Any CPU.ActiveCfg = Release|Any CPU
		{78ECA492-9CA5-45CE-B149-D2A0F8733EC8}.Release|Any CPU.Build.0 = Release|Any CPU
		{78ECA492-9CA5-45CE-B149-D2A0F8733EC8}.Release|Mixed Platforms.ActiveCfg = Release|Any CPU
		{78ECA492-9CA5-45CE-B149-D2A0F8733EC8}.Release|Mixed Platforms.Build.0 = Release|Any CPU
		{78ECA492-9CA5-45CE-B149-D2A0F8733EC8}.Release|x86.ActiveCfg = Release|Any CPU
	EndGlobalSection
	GlobalSection(SolutionProperties) = preSolution
		HideSolutionNode = FALSE
	EndGlobalSection
EndGlobal
